
Microsoft Visual Studio Solution File, Format Version 12.00
# Visual Studio Version 17
VisualStudioVersion = 17.1.32421.90
MinimumVisualStudioVersion = 10.0.40219.1
Project("{FAE04EC0-301F-11D3-BF4B-00C04F79EFBC}") = "MessagesLibrary", "MessagesLibrary\MessagesLibrary.csproj", "{71CDA6CC-67BD-4927-BD63-9F480ECDEFD9}"
EndProject
Global
	GlobalSection(SolutionConfigurationPlatforms) = preSolution
		Debug|Any CPU = Debug|Any CPU
		Release|Any CPU = Release|Any CPU
	EndGlobalSection
	GlobalSection(ProjectConfigurationPlatforms) = postSolution
		{71CDA6CC-67BD-4927-BD63-9F480ECDEFD9}.Debug|Any CPU.ActiveCfg = Debug|Any CPU
		{71CDA6CC-67BD-4927-BD63-9F480ECDEFD9}.Debug|Any CPU.Build.0 = Debug|Any CPU
		{71CDA6CC-67BD-4927-BD63-9F480ECDEFD9}.Release|Any CPU.ActiveCfg = Release|Any CPU
		{71CDA6CC-67BD-4927-BD63-9F480ECDEFD9}.Release|Any CPU.Build.0 = Release|Any CPU
	EndGlobalSection
	GlobalSection(SolutionProperties) = preSolution
		HideSolutionNode = FALSE
	EndGlobalSection
	GlobalSection(ExtensibilityGlobals) = postSolution
		SolutionGuid = {800B38EE-34C1-4EA7-9A36-74C8D0A9667A}
	EndGlobalSection
EndGlobal
